// !$*UTF8*$!
{
	archiveVersion = 1;
	classes = {
	};
	objectVersion = 56;
	objects = {

/* Begin PBXBuildFile section */
		3E5FFB33DDD77894C914606B /* Pods_selflogue.framework in Frameworks */ = {isa = PBXBuildFile; fileRef = 4D1D7B2083C9745E6FCFAAAA /* Pods_selflogue.framework */; };
		E3F2491E29F8EE8000350ADE /* AppDelegate.swift in Sources */ = {isa = PBXBuildFile; fileRef = E3F2491D29F8EE8000350ADE /* AppDelegate.swift */; };
		E3F2492029F8EE8000350ADE /* SceneDelegate.swift in Sources */ = {isa = PBXBuildFile; fileRef = E3F2491F29F8EE8000350ADE /* SceneDelegate.swift */; };
		E3F2492529F8EE8000350ADE /* Main.storyboard in Resources */ = {isa = PBXBuildFile; fileRef = E3F2492329F8EE8000350ADE /* Main.storyboard */; };
		E3F2492729F8EE8100350ADE /* Assets.xcassets in Resources */ = {isa = PBXBuildFile; fileRef = E3F2492629F8EE8100350ADE /* Assets.xcassets */; };
		E3F2492A29F8EE8100350ADE /* LaunchScreen.storyboard in Resources */ = {isa = PBXBuildFile; fileRef = E3F2492829F8EE8100350ADE /* LaunchScreen.storyboard */; };
		E3F2493329F8F19C00350ADE /* FirebaseAuth in Frameworks */ = {isa = PBXBuildFile; productRef = E3F2493229F8F19C00350ADE /* FirebaseAuth */; };
		E3F2493529F8F19C00350ADE /* FirebaseFirestore in Frameworks */ = {isa = PBXBuildFile; productRef = E3F2493429F8F19C00350ADE /* FirebaseFirestore */; };
		E3F2493729F8F19C00350ADE /* FirebaseFirestoreSwift in Frameworks */ = {isa = PBXBuildFile; productRef = E3F2493629F8F19C00350ADE /* FirebaseFirestoreSwift */; };
		E3F2493B29F9244500350ADE /* MainViewController.swift in Sources */ = {isa = PBXBuildFile; fileRef = E3F2493A29F9244500350ADE /* MainViewController.swift */; };
		E3F2493D29F9253100350ADE /* TabBarController.swift in Sources */ = {isa = PBXBuildFile; fileRef = E3F2493C29F9253100350ADE /* TabBarController.swift */; };
		E3F2493F29F9CBD700350ADE /* UIColorExtension.swift in Sources */ = {isa = PBXBuildFile; fileRef = E3F2493E29F9CBD700350ADE /* UIColorExtension.swift */; };
		E3F2494529FA0F7400350ADE /* GoogleService-Info.plist in Resources */ = {isa = PBXBuildFile; fileRef = E3F2494429FA0F7400350ADE /* GoogleService-Info.plist */; };
		E3F2495229FA10C100350ADE /* Lato-Regular.ttf in Resources */ = {isa = PBXBuildFile; fileRef = E3F2494829FA10C000350ADE /* Lato-Regular.ttf */; };
		E3F2495629FA10C100350ADE /* Lato-Bold.ttf in Resources */ = {isa = PBXBuildFile; fileRef = E3F2494C29FA10C000350ADE /* Lato-Bold.ttf */; };
		E3F2496229FA308400350ADE /* HabitViewController.swift in Sources */ = {isa = PBXBuildFile; fileRef = E3F2496129FA308400350ADE /* HabitViewController.swift */; };
		E3F2496429FA30C500350ADE /* FeedViewController.swift in Sources */ = {isa = PBXBuildFile; fileRef = E3F2496329FA30C500350ADE /* FeedViewController.swift */; };
		E3F2496829FA30DE00350ADE /* FocusViewController.swift in Sources */ = {isa = PBXBuildFile; fileRef = E3F2496729FA30DE00350ADE /* FocusViewController.swift */; };
		E3F2496A29FA311A00350ADE /* StatsViewController.swift in Sources */ = {isa = PBXBuildFile; fileRef = E3F2496929FA311A00350ADE /* StatsViewController.swift */; };
		E3F2496E29FA323200350ADE /* AdventPro-SemiBold.ttf in Resources */ = {isa = PBXBuildFile; fileRef = E3F2496D29FA323200350ADE /* AdventPro-SemiBold.ttf */; };
		E3F2497029FA329C00350ADE /* AdventPro-Bold.ttf in Resources */ = {isa = PBXBuildFile; fileRef = E3F2496F29FA329C00350ADE /* AdventPro-Bold.ttf */; };
/* End PBXBuildFile section */

/* Begin PBXFileReference section */
		4D1D7B2083C9745E6FCFAAAA /* Pods_selflogue.framework */ = {isa = PBXFileReference; explicitFileType = wrapper.framework; includeInIndex = 0; path = Pods_selflogue.framework; sourceTree = BUILT_PRODUCTS_DIR; };
		C708ED34D5956448CB01DBBE /* Pods-selflogue.release.xcconfig */ = {isa = PBXFileReference; includeInIndex = 1; lastKnownFileType = text.xcconfig; name = "Pods-selflogue.release.xcconfig"; path = "Target Support Files/Pods-selflogue/Pods-selflogue.release.xcconfig"; sourceTree = "<group>"; };
		E3F2491A29F8EE8000350ADE /* selflogue.app */ = {isa = PBXFileReference; explicitFileType = wrapper.application; includeInIndex = 0; path = selflogue.app; sourceTree = BUILT_PRODUCTS_DIR; };
		E3F2491D29F8EE8000350ADE /* AppDelegate.swift */ = {isa = PBXFileReference; lastKnownFileType = sourcecode.swift; path = AppDelegate.swift; sourceTree = "<group>"; };
		E3F2491F29F8EE8000350ADE /* SceneDelegate.swift */ = {isa = PBXFileReference; lastKnownFileType = sourcecode.swift; path = SceneDelegate.swift; sourceTree = "<group>"; };
		E3F2492429F8EE8000350ADE /* Base */ = {isa = PBXFileReference; lastKnownFileType = file.storyboard; name = Base; path = Base.lproj/Main.storyboard; sourceTree = "<group>"; };
		E3F2492629F8EE8100350ADE /* Assets.xcassets */ = {isa = PBXFileReference; lastKnownFileType = folder.assetcatalog; path = Assets.xcassets; sourceTree = "<group>"; };
		E3F2492929F8EE8100350ADE /* Base */ = {isa = PBXFileReference; lastKnownFileType = file.storyboard; name = Base; path = Base.lproj/LaunchScreen.storyboard; sourceTree = "<group>"; };
		E3F2492B29F8EE8100350ADE /* Info.plist */ = {isa = PBXFileReference; lastKnownFileType = text.plist.xml; path = Info.plist; sourceTree = "<group>"; };
		E3F2493A29F9244500350ADE /* MainViewController.swift */ = {isa = PBXFileReference; lastKnownFileType = sourcecode.swift; path = MainViewController.swift; sourceTree = "<group>"; };
		E3F2493C29F9253100350ADE /* TabBarController.swift */ = {isa = PBXFileReference; lastKnownFileType = sourcecode.swift; path = TabBarController.swift; sourceTree = "<group>"; };
		E3F2493E29F9CBD700350ADE /* UIColorExtension.swift */ = {isa = PBXFileReference; lastKnownFileType = sourcecode.swift; path = UIColorExtension.swift; sourceTree = "<group>"; };
		E3F2494429FA0F7400350ADE /* GoogleService-Info.plist */ = {isa = PBXFileReference; fileEncoding = 4; lastKnownFileType = text.plist.xml; name = "GoogleService-Info.plist"; path = "../../../../Downloads/GoogleService-Info.plist"; sourceTree = "<group>"; };
		E3F2494829FA10C000350ADE /* Lato-Regular.ttf */ = {isa = PBXFileReference; lastKnownFileType = file; name = "Lato-Regular.ttf"; path = "../../../../../Downloads/Lato/Lato-Regular.ttf"; sourceTree = "<group>"; };
		E3F2494C29FA10C000350ADE /* Lato-Bold.ttf */ = {isa = PBXFileReference; lastKnownFileType = file; name = "Lato-Bold.ttf"; path = "../../../../../Downloads/Lato/Lato-Bold.ttf"; sourceTree = "<group>"; };
		E3F2496129FA308400350ADE /* HabitViewController.swift */ = {isa = PBXFileReference; lastKnownFileType = sourcecode.swift; path = HabitViewController.swift; sourceTree = "<group>"; };
		E3F2496329FA30C500350ADE /* FeedViewController.swift */ = {isa = PBXFileReference; lastKnownFileType = sourcecode.swift; path = FeedViewController.swift; sourceTree = "<group>"; };
		E3F2496729FA30DE00350ADE /* FocusViewController.swift */ = {isa = PBXFileReference; lastKnownFileType = sourcecode.swift; path = FocusViewController.swift; sourceTree = "<group>"; };
		E3F2496929FA311A00350ADE /* StatsViewController.swift */ = {isa = PBXFileReference; lastKnownFileType = sourcecode.swift; path = StatsViewController.swift; sourceTree = "<group>"; };
		E3F2496D29FA323200350ADE /* AdventPro-SemiBold.ttf */ = {isa = PBXFileReference; lastKnownFileType = file; name = "AdventPro-SemiBold.ttf"; path = "../../../../../Downloads/Advent_Pro,Lato/Advent_Pro/static/AdventPro-SemiBold.ttf"; sourceTree = "<group>"; };
		E3F2496F29FA329C00350ADE /* AdventPro-Bold.ttf */ = {isa = PBXFileReference; lastKnownFileType = file; name = "AdventPro-Bold.ttf"; path = "../../../../../Downloads/Advent_Pro,Lato/Advent_Pro/static/AdventPro-Bold.ttf"; sourceTree = "<group>"; };
		F16C6C90AA33A989F8512F98 /* Pods-selflogue.debug.xcconfig */ = {isa = PBXFileReference; includeInIndex = 1; lastKnownFileType = text.xcconfig; name = "Pods-selflogue.debug.xcconfig"; path = "Target Support Files/Pods-selflogue/Pods-selflogue.debug.xcconfig"; sourceTree = "<group>"; };
/* End PBXFileReference section */

/* Begin PBXFrameworksBuildPhase section */
		E3F2491729F8EE8000350ADE /* Frameworks */ = {
			isa = PBXFrameworksBuildPhase;
			buildActionMask = 2147483647;
			files = (
				E3F2493329F8F19C00350ADE /* FirebaseAuth in Frameworks */,
				E3F2493529F8F19C00350ADE /* FirebaseFirestore in Frameworks */,
				E3F2493729F8F19C00350ADE /* FirebaseFirestoreSwift in Frameworks */,
				3E5FFB33DDD77894C914606B /* Pods_selflogue.framework in Frameworks */,
			);
			runOnlyForDeploymentPostprocessing = 0;
		};
/* End PBXFrameworksBuildPhase section */

/* Begin PBXGroup section */
		3EFB8FBCC3970C114F754B85 /* Pods */ = {
			isa = PBXGroup;
			children = (
				F16C6C90AA33A989F8512F98 /* Pods-selflogue.debug.xcconfig */,
				C708ED34D5956448CB01DBBE /* Pods-selflogue.release.xcconfig */,
			);
			path = Pods;
			sourceTree = "<group>";
		};
		D7912DEB6DA0D09449B7BCF2 /* Frameworks */ = {
			isa = PBXGroup;
			children = (
				4D1D7B2083C9745E6FCFAAAA /* Pods_selflogue.framework */,
			);
			name = Frameworks;
			sourceTree = "<group>";
		};
		E3F2491129F8EE8000350ADE = {
			isa = PBXGroup;
			children = (
				E3F2491C29F8EE8000350ADE /* selflogue */,
				E3F2491B29F8EE8000350ADE /* Products */,
				3EFB8FBCC3970C114F754B85 /* Pods */,
				D7912DEB6DA0D09449B7BCF2 /* Frameworks */,
			);
			sourceTree = "<group>";
		};
		E3F2491B29F8EE8000350ADE /* Products */ = {
			isa = PBXGroup;
			children = (
				E3F2491A29F8EE8000350ADE /* selflogue.app */,
			);
			name = Products;
			sourceTree = "<group>";
		};
		E3F2491C29F8EE8000350ADE /* selflogue */ = {
			isa = PBXGroup;
			children = (
				E3F2492329F8EE8000350ADE /* Main.storyboard */,
				E3F2492829F8EE8100350ADE /* LaunchScreen.storyboard */,
				E3F2491D29F8EE8000350ADE /* AppDelegate.swift */,
				E3F2491F29F8EE8000350ADE /* SceneDelegate.swift */,
				E3F2493A29F9244500350ADE /* MainViewController.swift */,
				E3F2493C29F9253100350ADE /* TabBarController.swift */,
				E3F2493E29F9CBD700350ADE /* UIColorExtension.swift */,
				E3F2496129FA308400350ADE /* HabitViewController.swift */,
				E3F2496329FA30C500350ADE /* FeedViewController.swift */,
				E3F2496729FA30DE00350ADE /* FocusViewController.swift */,
				E3F2496929FA311A00350ADE /* StatsViewController.swift */,
				E3F2492629F8EE8100350ADE /* Assets.xcassets */,
				E3F2492B29F8EE8100350ADE /* Info.plist */,
				E3F2494429FA0F7400350ADE /* GoogleService-Info.plist */,
				E3F2494629FA10A100350ADE /* Font */,
			);
			path = selflogue;
			sourceTree = "<group>";
		};
		E3F2494629FA10A100350ADE /* Font */ = {
			isa = PBXGroup;
			children = (
				E3F2496F29FA329C00350ADE /* AdventPro-Bold.ttf */,
				E3F2496D29FA323200350ADE /* AdventPro-SemiBold.ttf */,
				E3F2494C29FA10C000350ADE /* Lato-Bold.ttf */,
				E3F2494829FA10C000350ADE /* Lato-Regular.ttf */,
			);
			path = Font;
			sourceTree = "<group>";
		};
/* End PBXGroup section */

/* Begin PBXNativeTarget section */
		E3F2491929F8EE8000350ADE /* selflogue */ = {
			isa = PBXNativeTarget;
			buildConfigurationList = E3F2492E29F8EE8100350ADE /* Build configuration list for PBXNativeTarget "selflogue" */;
			buildPhases = (
				BA19B4DF6EF3D4459D9D62BF /* [CP] Check Pods Manifest.lock */,
				E3F2491629F8EE8000350ADE /* Sources */,
				E3F2491729F8EE8000350ADE /* Frameworks */,
				E3F2491829F8EE8000350ADE /* Resources */,
				5A2D5343617BE5D3735726CA /* [CP] Embed Pods Frameworks */,
			);
			buildRules = (
			);
			dependencies = (
			);
			name = selflogue;
			packageProductDependencies = (
				E3F2493229F8F19C00350ADE /* FirebaseAuth */,
				E3F2493429F8F19C00350ADE /* FirebaseFirestore */,
				E3F2493629F8F19C00350ADE /* FirebaseFirestoreSwift */,
			);
			productName = selflogue;
			productReference = E3F2491A29F8EE8000350ADE /* selflogue.app */;
			productType = "com.apple.product-type.application";
		};
/* End PBXNativeTarget section */

/* Begin PBXProject section */
		E3F2491229F8EE8000350ADE /* Project object */ = {
			isa = PBXProject;
			attributes = {
				BuildIndependentTargetsInParallel = 1;
				LastSwiftUpdateCheck = 1420;
				LastUpgradeCheck = 1420;
				TargetAttributes = {
					E3F2491929F8EE8000350ADE = {
						CreatedOnToolsVersion = 14.2;
					};
				};
			};
			buildConfigurationList = E3F2491529F8EE8000350ADE /* Build configuration list for PBXProject "selflogue" */;
			compatibilityVersion = "Xcode 14.0";
			developmentRegion = en;
			hasScannedForEncodings = 0;
			knownRegions = (
				en,
				Base,
			);
			mainGroup = E3F2491129F8EE8000350ADE;
			packageReferences = (
				E3F2493129F8F19C00350ADE /* XCRemoteSwiftPackageReference "firebase-ios-sdk" */,
			);
			productRefGroup = E3F2491B29F8EE8000350ADE /* Products */;
			projectDirPath = "";
			projectRoot = "";
			targets = (
				E3F2491929F8EE8000350ADE /* selflogue */,
			);
		};
/* End PBXProject section */

/* Begin PBXResourcesBuildPhase section */
		E3F2491829F8EE8000350ADE /* Resources */ = {
			isa = PBXResourcesBuildPhase;
			buildActionMask = 2147483647;
			files = (
				E3F2495629FA10C100350ADE /* Lato-Bold.ttf in Resources */,
				E3F2492A29F8EE8100350ADE /* LaunchScreen.storyboard in Resources */,
				E3F2495229FA10C100350ADE /* Lato-Regular.ttf in Resources */,
				E3F2494529FA0F7400350ADE /* GoogleService-Info.plist in Resources */,
				E3F2492729F8EE8100350ADE /* Assets.xcassets in Resources */,
				E3F2492529F8EE8000350ADE /* Main.storyboard in Resources */,
				E3F2496E29FA323200350ADE /* AdventPro-SemiBold.ttf in Resources */,
				E3F2497029FA329C00350ADE /* AdventPro-Bold.ttf in Resources */,
			);
			runOnlyForDeploymentPostprocessing = 0;
		};
/* End PBXResourcesBuildPhase section */

/* Begin PBXShellScriptBuildPhase section */
		5A2D5343617BE5D3735726CA /* [CP] Embed Pods Frameworks */ = {
			isa = PBXShellScriptBuildPhase;
			buildActionMask = 2147483647;
			files = (
			);
			inputFileListPaths = (
				"${PODS_ROOT}/Target Support Files/Pods-selflogue/Pods-selflogue-frameworks-${CONFIGURATION}-input-files.xcfilelist",
			);
			name = "[CP] Embed Pods Frameworks";
			outputFileListPaths = (
				"${PODS_ROOT}/Target Support Files/Pods-selflogue/Pods-selflogue-frameworks-${CONFIGURATION}-output-files.xcfilelist",
			);
			runOnlyForDeploymentPostprocessing = 0;
			shellPath = /bin/sh;
			shellScript = "\"${PODS_ROOT}/Target Support Files/Pods-selflogue/Pods-selflogue-frameworks.sh\"\n";
			showEnvVarsInLog = 0;
		};
		BA19B4DF6EF3D4459D9D62BF /* [CP] Check Pods Manifest.lock */ = {
			isa = PBXShellScriptBuildPhase;
			buildActionMask = 2147483647;
			files = (
			);
			inputFileListPaths = (
			);
			inputPaths = (
				"${PODS_PODFILE_DIR_PATH}/Podfile.lock",
				"${PODS_ROOT}/Manifest.lock",
			);
			name = "[CP] Check Pods Manifest.lock";
			outputFileListPaths = (
			);
			outputPaths = (
				"$(DERIVED_FILE_DIR)/Pods-selflogue-checkManifestLockResult.txt",
			);
			runOnlyForDeploymentPostprocessing = 0;
			shellPath = /bin/sh;
			shellScript = "diff \"${PODS_PODFILE_DIR_PATH}/Podfile.lock\" \"${PODS_ROOT}/Manifest.lock\" > /dev/null\nif [ $? != 0 ] ; then\n    # print error to STDERR\n    echo \"error: The sandbox is not in sync with the Podfile.lock. Run 'pod install' or update your CocoaPods installation.\" >&2\n    exit 1\nfi\n# This output is used by Xcode 'outputs' to avoid re-running this script phase.\necho \"SUCCESS\" > \"${SCRIPT_OUTPUT_FILE_0}\"\n";
			showEnvVarsInLog = 0;
		};
/* End PBXShellScriptBuildPhase section */

/* Begin PBXSourcesBuildPhase section */
		E3F2491629F8EE8000350ADE /* Sources */ = {
			isa = PBXSourcesBuildPhase;
			buildActionMask = 2147483647;
			files = (
				E3F2493B29F9244500350ADE /* MainViewController.swift in Sources */,
				E3F2496229FA308400350ADE /* HabitViewController.swift in Sources */,
				E3F2493D29F9253100350ADE /* TabBarController.swift in Sources */,
				E3F2493F29F9CBD700350ADE /* UIColorExtension.swift in Sources */,
				E3F2491E29F8EE8000350ADE /* AppDelegate.swift in Sources */,
				E3F2492029F8EE8000350ADE /* SceneDelegate.swift in Sources */,
				E3F2496829FA30DE00350ADE /* FocusViewController.swift in Sources */,
				E3F2496A29FA311A00350ADE /* StatsViewController.swift in Sources */,
				E3F2496429FA30C500350ADE /* FeedViewController.swift in Sources */,
			);
			runOnlyForDeploymentPostprocessing = 0;
		};
/* End PBXSourcesBuildPhase section */

/* Begin PBXVariantGroup section */
		E3F2492329F8EE8000350ADE /* Main.storyboard */ = {
			isa = PBXVariantGroup;
			children = (
				E3F2492429F8EE8000350ADE /* Base */,
			);
			name = Main.storyboard;
			sourceTree = "<group>";
		};
		E3F2492829F8EE8100350ADE /* LaunchScreen.storyboard */ = {
			isa = PBXVariantGroup;
			children = (
				E3F2492929F8EE8100350ADE /* Base */,
			);
			name = LaunchScreen.storyboard;
			sourceTree = "<group>";
		};
/* End PBXVariantGroup section */

/* Begin XCBuildConfiguration section */
		E3F2492C29F8EE8100350ADE /* Debug */ = {
			isa = XCBuildConfiguration;
			buildSettings = {
				ALWAYS_SEARCH_USER_PATHS = NO;
				CLANG_ANALYZER_NONNULL = YES;
				CLANG_ANALYZER_NUMBER_OBJECT_CONVERSION = YES_AGGRESSIVE;
				CLANG_CXX_LANGUAGE_STANDARD = "gnu++20";
				CLANG_ENABLE_MODULES = YES;
				CLANG_ENABLE_OBJC_ARC = YES;
				CLANG_ENABLE_OBJC_WEAK = YES;
				CLANG_WARN_BLOCK_CAPTURE_AUTORELEASING = YES;
				CLANG_WARN_BOOL_CONVERSION = YES;
				CLANG_WARN_COMMA = YES;
				CLANG_WARN_CONSTANT_CONVERSION = YES;
				CLANG_WARN_DEPRECATED_OBJC_IMPLEMENTATIONS = YES;
				CLANG_WARN_DIRECT_OBJC_ISA_USAGE = YES_ERROR;
				CLANG_WARN_DOCUMENTATION_COMMENTS = YES;
				CLANG_WARN_EMPTY_BODY = YES;
				CLANG_WARN_ENUM_CONVERSION = YES;
				CLANG_WARN_INFINITE_RECURSION = YES;
				CLANG_WARN_INT_CONVERSION = YES;
				CLANG_WARN_NON_LITERAL_NULL_CONVERSION = YES;
				CLANG_WARN_OBJC_IMPLICIT_RETAIN_SELF = YES;
				CLANG_WARN_OBJC_LITERAL_CONVERSION = YES;
				CLANG_WARN_OBJC_ROOT_CLASS = YES_ERROR;
				CLANG_WARN_QUOTED_INCLUDE_IN_FRAMEWORK_HEADER = YES;
				CLANG_WARN_RANGE_LOOP_ANALYSIS = YES;
				CLANG_WARN_STRICT_PROTOTYPES = YES;
				CLANG_WARN_SUSPICIOUS_MOVE = YES;
				CLANG_WARN_UNGUARDED_AVAILABILITY = YES_AGGRESSIVE;
				CLANG_WARN_UNREACHABLE_CODE = YES;
				CLANG_WARN__DUPLICATE_METHOD_MATCH = YES;
				COPY_PHASE_STRIP = NO;
				DEBUG_INFORMATION_FORMAT = dwarf;
				ENABLE_STRICT_OBJC_MSGSEND = YES;
				ENABLE_TESTABILITY = YES;
				GCC_C_LANGUAGE_STANDARD = gnu11;
				GCC_DYNAMIC_NO_PIC = NO;
				GCC_NO_COMMON_BLOCKS = YES;
				GCC_OPTIMIZATION_LEVEL = 0;
				GCC_PREPROCESSOR_DEFINITIONS = (
					"DEBUG=1",
					"$(inherited)",
				);
				GCC_WARN_64_TO_32_BIT_CONVERSION = YES;
				GCC_WARN_ABOUT_RETURN_TYPE = YES_ERROR;
				GCC_WARN_UNDECLARED_SELECTOR = YES;
				GCC_WARN_UNINITIALIZED_AUTOS = YES_AGGRESSIVE;
				GCC_WARN_UNUSED_FUNCTION = YES;
				GCC_WARN_UNUSED_VARIABLE = YES;
				IPHONEOS_DEPLOYMENT_TARGET = 16.2;
				MTL_ENABLE_DEBUG_INFO = INCLUDE_SOURCE;
				MTL_FAST_MATH = YES;
				ONLY_ACTIVE_ARCH = YES;
				SDKROOT = iphoneos;
				SWIFT_ACTIVE_COMPILATION_CONDITIONS = DEBUG;
				SWIFT_OPTIMIZATION_LEVEL = "-Onone";
			};
			name = Debug;
		};
		E3F2492D29F8EE8100350ADE /* Release */ = {
			isa = XCBuildConfiguration;
			buildSettings = {
				ALWAYS_SEARCH_USER_PATHS = NO;
				CLANG_ANALYZER_NONNULL = YES;
				CLANG_ANALYZER_NUMBER_OBJECT_CONVERSION = YES_AGGRESSIVE;
				CLANG_CXX_LANGUAGE_STANDARD = "gnu++20";
				CLANG_ENABLE_MODULES = YES;
				CLANG_ENABLE_OBJC_ARC = YES;
				CLANG_ENABLE_OBJC_WEAK = YES;
				CLANG_WARN_BLOCK_CAPTURE_AUTORELEASING = YES;
				CLANG_WARN_BOOL_CONVERSION = YES;
				CLANG_WARN_COMMA = YES;
				CLANG_WARN_CONSTANT_CONVERSION = YES;
				CLANG_WARN_DEPRECATED_OBJC_IMPLEMENTATIONS = YES;
				CLANG_WARN_DIRECT_OBJC_ISA_USAGE = YES_ERROR;
				CLANG_WARN_DOCUMENTATION_COMMENTS = YES;
				CLANG_WARN_EMPTY_BODY = YES;
				CLANG_WARN_ENUM_CONVERSION = YES;
				CLANG_WARN_INFINITE_RECURSION = YES;
				CLANG_WARN_INT_CONVERSION = YES;
				CLANG_WARN_NON_LITERAL_NULL_CONVERSION = YES;
				CLANG_WARN_OBJC_IMPLICIT_RETAIN_SELF = YES;
				CLANG_WARN_OBJC_LITERAL_CONVERSION = YES;
				CLANG_WARN_OBJC_ROOT_CLASS = YES_ERROR;
				CLANG_WARN_QUOTED_INCLUDE_IN_FRAMEWORK_HEADER = YES;
				CLANG_WARN_RANGE_LOOP_ANALYSIS = YES;
				CLANG_WARN_STRICT_PROTOTYPES = YES;
				CLANG_WARN_SUSPICIOUS_MOVE = YES;
				CLANG_WARN_UNGUARDED_AVAILABILITY = YES_AGGRESSIVE;
				CLANG_WARN_UNREACHABLE_CODE = YES;
				CLANG_WARN__DUPLICATE_METHOD_MATCH = YES;
				COPY_PHASE_STRIP = NO;
				DEBUG_INFORMATION_FORMAT = "dwarf-with-dsym";
				ENABLE_NS_ASSERTIONS = NO;
				ENABLE_STRICT_OBJC_MSGSEND = YES;
				GCC_C_LANGUAGE_STANDARD = gnu11;
				GCC_NO_COMMON_BLOCKS = YES;
				GCC_WARN_64_TO_32_BIT_CONVERSION = YES;
				GCC_WARN_ABOUT_RETURN_TYPE = YES_ERROR;
				GCC_WARN_UNDECLARED_SELECTOR = YES;
				GCC_WARN_UNINITIALIZED_AUTOS = YES_AGGRESSIVE;
				GCC_WARN_UNUSED_FUNCTION = YES;
				GCC_WARN_UNUSED_VARIABLE = YES;
				IPHONEOS_DEPLOYMENT_TARGET = 16.2;
				MTL_ENABLE_DEBUG_INFO = NO;
				MTL_FAST_MATH = YES;
				SDKROOT = iphoneos;
				SWIFT_COMPILATION_MODE = wholemodule;
				SWIFT_OPTIMIZATION_LEVEL = "-O";
				VALIDATE_PRODUCT = YES;
			};
			name = Release;
		};
		E3F2492F29F8EE8100350ADE /* Debug */ = {
			isa = XCBuildConfiguration;
			baseConfigurationReference = F16C6C90AA33A989F8512F98 /* Pods-selflogue.debug.xcconfig */;
			buildSettings = {
				ASSETCATALOG_COMPILER_APPICON_NAME = AppIcon;
				ASSETCATALOG_COMPILER_GLOBAL_ACCENT_COLOR_NAME = AccentColor;
				CODE_SIGN_STYLE = Automatic;
				CURRENT_PROJECT_VERSION = 1;
				GENERATE_INFOPLIST_FILE = YES;
				INFOPLIST_FILE = selflogue/Info.plist;
				INFOPLIST_KEY_UIApplicationSupportsIndirectInputEvents = YES;
				INFOPLIST_KEY_UILaunchStoryboardName = LaunchScreen;
				INFOPLIST_KEY_UIMainStoryboardFile = Main;
				INFOPLIST_KEY_UISupportedInterfaceOrientations_iPad = "UIInterfaceOrientationPortrait UIInterfaceOrientationPortraitUpsideDown UIInterfaceOrientationLandscapeLeft UIInterfaceOrientationLandscapeRight";
				INFOPLIST_KEY_UISupportedInterfaceOrientations_iPhone = "UIInterfaceOrientationPortrait UIInterfaceOrientationLandscapeLeft UIInterfaceOrientationLandscapeRight";
				LD_RUNPATH_SEARCH_PATHS = (
					"$(inherited)",
					"@executable_path/Frameworks",
				);
				MARKETING_VERSION = 1.0;
				PRODUCT_BUNDLE_IDENTIFIER = edu.monash.selflogue;
				PRODUCT_NAME = "$(TARGET_NAME)";
				SWIFT_EMIT_LOC_STRINGS = YES;
				SWIFT_VERSION = 5.0;
				TARGETED_DEVICE_FAMILY = "1,2";
			};
			name = Debug;
		};
		E3F2493029F8EE8100350ADE /* Release */ = {
			isa = XCBuildConfiguration;
			baseConfigurationReference = C708ED34D5956448CB01DBBE /* Pods-selflogue.release.xcconfig */;
			buildSettings = {
				ASSETCATALOG_COMPILER_APPICON_NAME = AppIcon;
				ASSETCATALOG_COMPILER_GLOBAL_ACCENT_COLOR_NAME = AccentColor;
				CODE_SIGN_STYLE = Automatic;
				CURRENT_PROJECT_VERSION = 1;
				GENERATE_INFOPLIST_FILE = YES;
				INFOPLIST_FILE = selflogue/Info.plist;
				INFOPLIST_KEY_UIApplicationSupportsIndirectInputEvents = YES;
				INFOPLIST_KEY_UILaunchStoryboardName = LaunchScreen;
				INFOPLIST_KEY_UIMainStoryboardFile = Main;
				INFOPLIST_KEY_UISupportedInterfaceOrientations_iPad = "UIInterfaceOrientationPortrait UIInterfaceOrientationPortraitUpsideDown UIInterfaceOrientationLandscapeLeft UIInterfaceOrientationLandscapeRight";
				INFOPLIST_KEY_UISupportedInterfaceOrientations_iPhone = "UIInterfaceOrientationPortrait UIInterfaceOrientationLandscapeLeft UIInterfaceOrientationLandscapeRight";
				LD_RUNPATH_SEARCH_PATHS = (
					"$(inherited)",
					"@executable_path/Frameworks",
				);
				MARKETING_VERSION = 1.0;
				PRODUCT_BUNDLE_IDENTIFIER = edu.monash.selflogue;
				PRODUCT_NAME = "$(TARGET_NAME)";
				SWIFT_EMIT_LOC_STRINGS = YES;
				SWIFT_VERSION = 5.0;
				TARGETED_DEVICE_FAMILY = "1,2";
			};
			name = Release;
		};
/* End XCBuildConfiguration section */

/* Begin XCConfigurationList section */
		E3F2491529F8EE8000350ADE /* Build configuration list for PBXProject "selflogue" */ = {
			isa = XCConfigurationList;
			buildConfigurations = (
				E3F2492C29F8EE8100350ADE /* Debug */,
				E3F2492D29F8EE8100350ADE /* Release */,
			);
			defaultConfigurationIsVisible = 0;
			defaultConfigurationName = Release;
		};
		E3F2492E29F8EE8100350ADE /* Build configuration list for PBXNativeTarget "selflogue" */ = {
			isa = XCConfigurationList;
			buildConfigurations = (
				E3F2492F29F8EE8100350ADE /* Debug */,
				E3F2493029F8EE8100350ADE /* Release */,
			);
			defaultConfigurationIsVisible = 0;
			defaultConfigurationName = Release;
		};
/* End XCConfigurationList section */

/* Begin XCRemoteSwiftPackageReference section */
		E3F2493129F8F19C00350ADE /* XCRemoteSwiftPackageReference "firebase-ios-sdk" */ = {
			isa = XCRemoteSwiftPackageReference;
			repositoryURL = "https://github.com/firebase/firebase-ios-sdk.git";
			requirement = {
				kind = upToNextMajorVersion;
				minimumVersion = 9.0.0;
			};
		};
/* End XCRemoteSwiftPackageReference section */

/* Begin XCSwiftPackageProductDependency section */
		E3F2493229F8F19C00350ADE /* FirebaseAuth */ = {
			isa = XCSwiftPackageProductDependency;
			package = E3F2493129F8F19C00350ADE /* XCRemoteSwiftPackageReference "firebase-ios-sdk" */;
			productName = FirebaseAuth;
		};
		E3F2493429F8F19C00350ADE /* FirebaseFirestore */ = {
			isa = XCSwiftPackageProductDependency;
			package = E3F2493129F8F19C00350ADE /* XCRemoteSwiftPackageReference "firebase-ios-sdk" */;
			productName = FirebaseFirestore;
		};
		E3F2493629F8F19C00350ADE /* FirebaseFirestoreSwift */ = {
			isa = XCSwiftPackageProductDependency;
			package = E3F2493129F8F19C00350ADE /* XCRemoteSwiftPackageReference "firebase-ios-sdk" */;
			productName = FirebaseFirestoreSwift;
		};
/* End XCSwiftPackageProductDependency section */
	};
	rootObject = E3F2491229F8EE8000350ADE /* Project object */;
}
